{
  "name": "adop-me",
  "version": "1.0.0",
  "lockfileVersion": 3,
  "requires": true,
  "packages": {
    "": {
      "name": "adop-me",
      "version": "1.0.0",
      "license": "ISC",
      "dependencies": {
        "install": "^0.13.0",
        "prettier": "^2.7.1",
        "save-dev": "^0.0.1-security"
      }
    },
    "node_modules/install": {
      "version": "0.13.0",
      "resolved": "https://registry.npmjs.org/install/-/install-0.13.0.tgz",
      "integrity": "sha512-zDml/jzr2PKU9I8J/xyZBQn8rPCAY//UOYNmR01XwNwyfhEWObo2SWfSl1+0tm1u6PhxLwDnfsT/6jB7OUxqFA==",
      "engines": {
        "node": ">= 0.10"
      }
    },
    "node_modules/prettier": {
      "version": "2.7.1",
      "resolved": "https://registry.npmjs.org/prettier/-/prettier-2.7.1.tgz",
      "integrity": "sha512-ujppO+MkdPqoVINuDFDRLClm7D78qbDt0/NR+wp5FqEZOoTNAjPHWj17QRhu7geIHJfcNhRk1XVQmF8Bp3ye+g==",
      "bin": {
        "prettier": "bin-prettier.js"
      },
      "engines": {
        "node": ">=10.13.0"
      },
      "funding": {
        "url": "https://github.com/prettier/prettier?sponsor=1"
      }
    },
    "node_modules/save-dev": {
      "version": "0.0.1-security",
      "resolved": "https://registry.npmjs.org/save-dev/-/save-dev-0.0.1-security.tgz",
      "integrity": "sha512-k6knZTDNK8PKKbIqnvxiOveJinuw2LcQjqDoaorZWP9M5AR2EPsnpDeSbeoZZ0pHr5ze1uoaKdK8NBGQrJ34Uw=="
    }
  }
}
